// !$*UTF8*$!
{
	archiveVersion = 1;
	classes = {
	};
	objectVersion = 56;
	objects = {

/* Begin PBXBuildFile section */
		351B70E92BA0F9E700CB02E6 /* AlternativeApp.swift in Sources */ = {isa = PBXBuildFile; fileRef = 351B70E82BA0F9E700CB02E6 /* AlternativeApp.swift */; };
		351B70EB2BA0F9E700CB02E6 /* ContentView.swift in Sources */ = {isa = PBXBuildFile; fileRef = 351B70EA2BA0F9E700CB02E6 /* ContentView.swift */; };
		351B70ED2BA0F9E900CB02E6 /* Assets.xcassets in Resources */ = {isa = PBXBuildFile; fileRef = 351B70EC2BA0F9E900CB02E6 /* Assets.xcassets */; };
		351B70F02BA0F9E900CB02E6 /* Preview Assets.xcassets in Resources */ = {isa = PBXBuildFile; fileRef = 351B70EF2BA0F9E900CB02E6 /* Preview Assets.xcassets */; };
		351B70F82BA0FA2000CB02E6 /* FirebaseAnalytics in Frameworks */ = {isa = PBXBuildFile; productRef = 351B70F72BA0FA2000CB02E6 /* FirebaseAnalytics */; };
		351B70FA2BA0FA2000CB02E6 /* FirebaseAnalyticsOnDeviceConversion in Frameworks */ = {isa = PBXBuildFile; productRef = 351B70F92BA0FA2000CB02E6 /* FirebaseAnalyticsOnDeviceConversion */; };
		351B70FC2BA0FA2000CB02E6 /* FirebaseAnalyticsSwift in Frameworks */ = {isa = PBXBuildFile; productRef = 351B70FB2BA0FA2000CB02E6 /* FirebaseAnalyticsSwift */; };
		351B70FE2BA0FA2000CB02E6 /* FirebaseAnalyticsWithoutAdIdSupport in Frameworks */ = {isa = PBXBuildFile; productRef = 351B70FD2BA0FA2000CB02E6 /* FirebaseAnalyticsWithoutAdIdSupport */; };
		351B71002BA0FA2000CB02E6 /* FirebaseAppCheck in Frameworks */ = {isa = PBXBuildFile; productRef = 351B70FF2BA0FA2000CB02E6 /* FirebaseAppCheck */; };
		351B71022BA0FA2000CB02E6 /* FirebaseAppDistribution-Beta in Frameworks */ = {isa = PBXBuildFile; productRef = 351B71012BA0FA2000CB02E6 /* FirebaseAppDistribution-Beta */; };
		351B71042BA0FA2000CB02E6 /* FirebaseAuth in Frameworks */ = {isa = PBXBuildFile; productRef = 351B71032BA0FA2000CB02E6 /* FirebaseAuth */; };
		351B71062BA0FA2000CB02E6 /* FirebaseAuthCombine-Community in Frameworks */ = {isa = PBXBuildFile; productRef = 351B71052BA0FA2000CB02E6 /* FirebaseAuthCombine-Community */; };
		351B71082BA0FA2000CB02E6 /* FirebaseCrashlytics in Frameworks */ = {isa = PBXBuildFile; productRef = 351B71072BA0FA2000CB02E6 /* FirebaseCrashlytics */; };
		351B710A2BA0FA2000CB02E6 /* FirebaseDatabase in Frameworks */ = {isa = PBXBuildFile; productRef = 351B71092BA0FA2000CB02E6 /* FirebaseDatabase */; };
		351B710C2BA0FA2000CB02E6 /* FirebaseDatabaseSwift in Frameworks */ = {isa = PBXBuildFile; productRef = 351B710B2BA0FA2000CB02E6 /* FirebaseDatabaseSwift */; };
		351B710E2BA0FA2000CB02E6 /* FirebaseDynamicLinks in Frameworks */ = {isa = PBXBuildFile; productRef = 351B710D2BA0FA2000CB02E6 /* FirebaseDynamicLinks */; };
		351B71102BA0FA2000CB02E6 /* FirebaseFirestore in Frameworks */ = {isa = PBXBuildFile; productRef = 351B710F2BA0FA2000CB02E6 /* FirebaseFirestore */; };
		351B71122BA0FA2000CB02E6 /* FirebaseFirestoreCombine-Community in Frameworks */ = {isa = PBXBuildFile; productRef = 351B71112BA0FA2000CB02E6 /* FirebaseFirestoreCombine-Community */; };
		351B71142BA0FA2000CB02E6 /* FirebaseFirestoreSwift in Frameworks */ = {isa = PBXBuildFile; productRef = 351B71132BA0FA2000CB02E6 /* FirebaseFirestoreSwift */; };
		351B71162BA0FA2000CB02E6 /* FirebaseFunctions in Frameworks */ = {isa = PBXBuildFile; productRef = 351B71152BA0FA2000CB02E6 /* FirebaseFunctions */; };
		351B71182BA0FA2000CB02E6 /* FirebaseFunctionsCombine-Community in Frameworks */ = {isa = PBXBuildFile; productRef = 351B71172BA0FA2000CB02E6 /* FirebaseFunctionsCombine-Community */; };
		351B711A2BA0FA2000CB02E6 /* FirebaseInAppMessaging-Beta in Frameworks */ = {isa = PBXBuildFile; productRef = 351B71192BA0FA2000CB02E6 /* FirebaseInAppMessaging-Beta */; };
		351B711C2BA0FA2000CB02E6 /* FirebaseInAppMessagingSwift-Beta in Frameworks */ = {isa = PBXBuildFile; productRef = 351B711B2BA0FA2000CB02E6 /* FirebaseInAppMessagingSwift-Beta */; };
		351B711E2BA0FA2000CB02E6 /* FirebaseInstallations in Frameworks */ = {isa = PBXBuildFile; productRef = 351B711D2BA0FA2000CB02E6 /* FirebaseInstallations */; };
		351B71202BA0FA2000CB02E6 /* FirebaseMLModelDownloader in Frameworks */ = {isa = PBXBuildFile; productRef = 351B711F2BA0FA2000CB02E6 /* FirebaseMLModelDownloader */; };
		351B71222BA0FA2000CB02E6 /* FirebaseMessaging in Frameworks */ = {isa = PBXBuildFile; productRef = 351B71212BA0FA2000CB02E6 /* FirebaseMessaging */; };
		351B71242BA0FA2000CB02E6 /* FirebasePerformance in Frameworks */ = {isa = PBXBuildFile; productRef = 351B71232BA0FA2000CB02E6 /* FirebasePerformance */; };
		351B71262BA0FA2000CB02E6 /* FirebaseRemoteConfig in Frameworks */ = {isa = PBXBuildFile; productRef = 351B71252BA0FA2000CB02E6 /* FirebaseRemoteConfig */; };
		351B71282BA0FA2000CB02E6 /* FirebaseRemoteConfigSwift in Frameworks */ = {isa = PBXBuildFile; productRef = 351B71272BA0FA2000CB02E6 /* FirebaseRemoteConfigSwift */; };
		351B712A2BA0FA2000CB02E6 /* FirebaseStorage in Frameworks */ = {isa = PBXBuildFile; productRef = 351B71292BA0FA2000CB02E6 /* FirebaseStorage */; };
		351B712C2BA0FA2000CB02E6 /* FirebaseStorageCombine-Community in Frameworks */ = {isa = PBXBuildFile; productRef = 351B712B2BA0FA2000CB02E6 /* FirebaseStorageCombine-Community */; };
		351B712E2BA0FA3400CB02E6 /* GoogleService-Info.plist in Resources */ = {isa = PBXBuildFile; fileRef = 351B712D2BA0FA3400CB02E6 /* GoogleService-Info.plist */; };
		35A216DC2BA1D21E00F734FC /* Altushka.swift in Sources */ = {isa = PBXBuildFile; fileRef = 35A216DB2BA1D21E00F734FC /* Altushka.swift */; };
		35A216E22BA2362700F734FC /* User.swift in Sources */ = {isa = PBXBuildFile; fileRef = 35A216E12BA2362700F734FC /* User.swift */; };
		35A216E42BA236B100F734FC /* AuthManager.swift in Sources */ = {isa = PBXBuildFile; fileRef = 35A216E32BA236B100F734FC /* AuthManager.swift */; };
		35A216E62BA236D600F734FC /* FirebaseManager.swift in Sources */ = {isa = PBXBuildFile; fileRef = 35A216E52BA236D600F734FC /* FirebaseManager.swift */; };
		35A216EA2BA2375500F734FC /* ProfileView.swift in Sources */ = {isa = PBXBuildFile; fileRef = 35A216E92BA2375500F734FC /* ProfileView.swift */; };
		35A216F32BA25B2300F734FC /* Job.swift in Sources */ = {isa = PBXBuildFile; fileRef = 35A216F22BA25B2300F734FC /* Job.swift */; };
		35A216F52BA25B5700F734FC /* Order.swift in Sources */ = {isa = PBXBuildFile; fileRef = 35A216F42BA25B5700F734FC /* Order.swift */; };
		35CEF9732BA16BBA00F7BD1F /* LoginView.swift in Sources */ = {isa = PBXBuildFile; fileRef = 35CEF9722BA16BBA00F7BD1F /* LoginView.swift */; };
		35CEF9752BA16BE100F7BD1F /* HomeView.swift in Sources */ = {isa = PBXBuildFile; fileRef = 35CEF9742BA16BE100F7BD1F /* HomeView.swift */; };
		35DFED4C2BA2C3B100FD481B /* MyTabItem.swift in Sources */ = {isa = PBXBuildFile; fileRef = 35DFED4B2BA2C3B100FD481B /* MyTabItem.swift */; };
		35DFED4E2BA3614000FD481B /* SurveyView.swift in Sources */ = {isa = PBXBuildFile; fileRef = 35DFED4D2BA3614000FD481B /* SurveyView.swift */; };
		35DFED502BA3617E00FD481B /* Question.swift in Sources */ = {isa = PBXBuildFile; fileRef = 35DFED4F2BA3617E00FD481B /* Question.swift */; };
		35DFED522BA3620F00FD481B /* AnswerOption.swift in Sources */ = {isa = PBXBuildFile; fileRef = 35DFED512BA3620F00FD481B /* AnswerOption.swift */; };
/* End PBXBuildFile section */

/* Begin PBXFileReference section */
		351B70E52BA0F9E700CB02E6 /* Alternative.app */ = {isa = PBXFileReference; explicitFileType = wrapper.application; includeInIndex = 0; path = Alternative.app; sourceTree = BUILT_PRODUCTS_DIR; };
		351B70E82BA0F9E700CB02E6 /* AlternativeApp.swift */ = {isa = PBXFileReference; lastKnownFileType = sourcecode.swift; path = AlternativeApp.swift; sourceTree = "<group>"; };
		351B70EA2BA0F9E700CB02E6 /* ContentView.swift */ = {isa = PBXFileReference; lastKnownFileType = sourcecode.swift; path = ContentView.swift; sourceTree = "<group>"; };
		351B70EC2BA0F9E900CB02E6 /* Assets.xcassets */ = {isa = PBXFileReference; lastKnownFileType = folder.assetcatalog; path = Assets.xcassets; sourceTree = "<group>"; };
		351B70EF2BA0F9E900CB02E6 /* Preview Assets.xcassets */ = {isa = PBXFileReference; lastKnownFileType = folder.assetcatalog; path = "Preview Assets.xcassets"; sourceTree = "<group>"; };
		351B712D2BA0FA3400CB02E6 /* GoogleService-Info.plist */ = {isa = PBXFileReference; fileEncoding = 4; lastKnownFileType = text.plist.xml; name = "GoogleService-Info.plist"; path = "../Downloads/GoogleService-Info.plist"; sourceTree = "<group>"; };
		35A216DB2BA1D21E00F734FC /* Altushka.swift */ = {isa = PBXFileReference; lastKnownFileType = sourcecode.swift; path = Altushka.swift; sourceTree = "<group>"; };
		35A216E12BA2362700F734FC /* User.swift */ = {isa = PBXFileReference; lastKnownFileType = sourcecode.swift; path = User.swift; sourceTree = "<group>"; };
		35A216E32BA236B100F734FC /* AuthManager.swift */ = {isa = PBXFileReference; lastKnownFileType = sourcecode.swift; path = AuthManager.swift; sourceTree = "<group>"; };
		35A216E52BA236D600F734FC /* FirebaseManager.swift */ = {isa = PBXFileReference; lastKnownFileType = sourcecode.swift; path = FirebaseManager.swift; sourceTree = "<group>"; };
		35A216E92BA2375500F734FC /* ProfileView.swift */ = {isa = PBXFileReference; lastKnownFileType = sourcecode.swift; path = ProfileView.swift; sourceTree = "<group>"; };
		35A216F22BA25B2300F734FC /* Job.swift */ = {isa = PBXFileReference; lastKnownFileType = sourcecode.swift; path = Job.swift; sourceTree = "<group>"; };
		35A216F42BA25B5700F734FC /* Order.swift */ = {isa = PBXFileReference; lastKnownFileType = sourcecode.swift; path = Order.swift; sourceTree = "<group>"; };
		35CEF9722BA16BBA00F7BD1F /* LoginView.swift */ = {isa = PBXFileReference; lastKnownFileType = sourcecode.swift; path = LoginView.swift; sourceTree = "<group>"; };
		35CEF9742BA16BE100F7BD1F /* HomeView.swift */ = {isa = PBXFileReference; lastKnownFileType = sourcecode.swift; path = HomeView.swift; sourceTree = "<group>"; };
		35DFED4B2BA2C3B100FD481B /* MyTabItem.swift */ = {isa = PBXFileReference; lastKnownFileType = sourcecode.swift; path = MyTabItem.swift; sourceTree = "<group>"; };
		35DFED4D2BA3614000FD481B /* SurveyView.swift */ = {isa = PBXFileReference; lastKnownFileType = sourcecode.swift; path = SurveyView.swift; sourceTree = "<group>"; };
		35DFED4F2BA3617E00FD481B /* Question.swift */ = {isa = PBXFileReference; lastKnownFileType = sourcecode.swift; path = Question.swift; sourceTree = "<group>"; };
		35DFED512BA3620F00FD481B /* AnswerOption.swift */ = {isa = PBXFileReference; lastKnownFileType = sourcecode.swift; path = AnswerOption.swift; sourceTree = "<group>"; };
/* End PBXFileReference section */

/* Begin PBXFrameworksBuildPhase section */
		351B70E22BA0F9E700CB02E6 /* Frameworks */ = {
			isa = PBXFrameworksBuildPhase;
			buildActionMask = 2147483647;
			files = (
				351B710A2BA0FA2000CB02E6 /* FirebaseDatabase in Frameworks */,
				351B71182BA0FA2000CB02E6 /* FirebaseFunctionsCombine-Community in Frameworks */,
				351B71102BA0FA2000CB02E6 /* FirebaseFirestore in Frameworks */,
				351B70FC2BA0FA2000CB02E6 /* FirebaseAnalyticsSwift in Frameworks */,
				351B70F82BA0FA2000CB02E6 /* FirebaseAnalytics in Frameworks */,
				351B70FA2BA0FA2000CB02E6 /* FirebaseAnalyticsOnDeviceConversion in Frameworks */,
				351B71202BA0FA2000CB02E6 /* FirebaseMLModelDownloader in Frameworks */,
				351B71142BA0FA2000CB02E6 /* FirebaseFirestoreSwift in Frameworks */,
				351B71002BA0FA2000CB02E6 /* FirebaseAppCheck in Frameworks */,
				351B70FE2BA0FA2000CB02E6 /* FirebaseAnalyticsWithoutAdIdSupport in Frameworks */,
				351B71042BA0FA2000CB02E6 /* FirebaseAuth in Frameworks */,
				351B71082BA0FA2000CB02E6 /* FirebaseCrashlytics in Frameworks */,
				351B71282BA0FA2000CB02E6 /* FirebaseRemoteConfigSwift in Frameworks */,
				351B711A2BA0FA2000CB02E6 /* FirebaseInAppMessaging-Beta in Frameworks */,
				351B710C2BA0FA2000CB02E6 /* FirebaseDatabaseSwift in Frameworks */,
				351B71162BA0FA2000CB02E6 /* FirebaseFunctions in Frameworks */,
				351B712C2BA0FA2000CB02E6 /* FirebaseStorageCombine-Community in Frameworks */,
				351B71262BA0FA2000CB02E6 /* FirebaseRemoteConfig in Frameworks */,
				351B71022BA0FA2000CB02E6 /* FirebaseAppDistribution-Beta in Frameworks */,
				351B71062BA0FA2000CB02E6 /* FirebaseAuthCombine-Community in Frameworks */,
				351B71242BA0FA2000CB02E6 /* FirebasePerformance in Frameworks */,
				351B711C2BA0FA2000CB02E6 /* FirebaseInAppMessagingSwift-Beta in Frameworks */,
				351B712A2BA0FA2000CB02E6 /* FirebaseStorage in Frameworks */,
				351B710E2BA0FA2000CB02E6 /* FirebaseDynamicLinks in Frameworks */,
				351B71122BA0FA2000CB02E6 /* FirebaseFirestoreCombine-Community in Frameworks */,
				351B71222BA0FA2000CB02E6 /* FirebaseMessaging in Frameworks */,
				351B711E2BA0FA2000CB02E6 /* FirebaseInstallations in Frameworks */,
			);
			runOnlyForDeploymentPostprocessing = 0;
		};
/* End PBXFrameworksBuildPhase section */

/* Begin PBXGroup section */
		351B70DC2BA0F9E700CB02E6 = {
			isa = PBXGroup;
			children = (
				351B712D2BA0FA3400CB02E6 /* GoogleService-Info.plist */,
				351B70E72BA0F9E700CB02E6 /* Alternative */,
				351B70E62BA0F9E700CB02E6 /* Products */,
			);
			sourceTree = "<group>";
		};
		351B70E62BA0F9E700CB02E6 /* Products */ = {
			isa = PBXGroup;
			children = (
				351B70E52BA0F9E700CB02E6 /* Alternative.app */,
			);
			name = Products;
			sourceTree = "<group>";
		};
		351B70E72BA0F9E700CB02E6 /* Alternative */ = {
			isa = PBXGroup;
			children = (
				35A216ED2BA2379900F734FC /* Views */,
				35A216EC2BA2379300F734FC /* Services */,
				35A216EB2BA2378D00F734FC /* Models */,
				351B70E82BA0F9E700CB02E6 /* AlternativeApp.swift */,
				351B70EA2BA0F9E700CB02E6 /* ContentView.swift */,
				351B70EC2BA0F9E900CB02E6 /* Assets.xcassets */,
				351B70EE2BA0F9E900CB02E6 /* Preview Content */,
				35DFED4B2BA2C3B100FD481B /* MyTabItem.swift */,
			);
			path = Alternative;
			sourceTree = "<group>";
		};
		351B70EE2BA0F9E900CB02E6 /* Preview Content */ = {
			isa = PBXGroup;
			children = (
				351B70EF2BA0F9E900CB02E6 /* Preview Assets.xcassets */,
			);
			path = "Preview Content";
			sourceTree = "<group>";
		};
		35A216EB2BA2378D00F734FC /* Models */ = {
			isa = PBXGroup;
			children = (
				35A216DB2BA1D21E00F734FC /* Altushka.swift */,
				35A216E12BA2362700F734FC /* User.swift */,
				35A216F22BA25B2300F734FC /* Job.swift */,
				35A216F42BA25B5700F734FC /* Order.swift */,
				35DFED4F2BA3617E00FD481B /* Question.swift */,
				35DFED512BA3620F00FD481B /* AnswerOption.swift */,
			);
			path = Models;
			sourceTree = "<group>";
		};
		35A216EC2BA2379300F734FC /* Services */ = {
			isa = PBXGroup;
			children = (
				35A216E32BA236B100F734FC /* AuthManager.swift */,
				35A216E52BA236D600F734FC /* FirebaseManager.swift */,
			);
			path = Services;
			sourceTree = "<group>";
		};
		35A216ED2BA2379900F734FC /* Views */ = {
			isa = PBXGroup;
			children = (
				35CEF9722BA16BBA00F7BD1F /* LoginView.swift */,
				35CEF9742BA16BE100F7BD1F /* HomeView.swift */,
				35A216E92BA2375500F734FC /* ProfileView.swift */,
				35DFED4D2BA3614000FD481B /* SurveyView.swift */,
			);
			path = Views;
			sourceTree = "<group>";
		};
/* End PBXGroup section */

/* Begin PBXNativeTarget section */
		351B70E42BA0F9E700CB02E6 /* Alternative */ = {
			isa = PBXNativeTarget;
			buildConfigurationList = 351B70F32BA0F9E900CB02E6 /* Build configuration list for PBXNativeTarget "Alternative" */;
			buildPhases = (
				351B70E12BA0F9E700CB02E6 /* Sources */,
				351B70E22BA0F9E700CB02E6 /* Frameworks */,
				351B70E32BA0F9E700CB02E6 /* Resources */,
			);
			buildRules = (
			);
			dependencies = (
			);
			name = Alternative;
			packageProductDependencies = (
				351B70F72BA0FA2000CB02E6 /* FirebaseAnalytics */,
				351B70F92BA0FA2000CB02E6 /* FirebaseAnalyticsOnDeviceConversion */,
				351B70FB2BA0FA2000CB02E6 /* FirebaseAnalyticsSwift */,
				351B70FD2BA0FA2000CB02E6 /* FirebaseAnalyticsWithoutAdIdSupport */,
				351B70FF2BA0FA2000CB02E6 /* FirebaseAppCheck */,
				351B71012BA0FA2000CB02E6 /* FirebaseAppDistribution-Beta */,
				351B71032BA0FA2000CB02E6 /* FirebaseAuth */,
				351B71052BA0FA2000CB02E6 /* FirebaseAuthCombine-Community */,
				351B71072BA0FA2000CB02E6 /* FirebaseCrashlytics */,
				351B71092BA0FA2000CB02E6 /* FirebaseDatabase */,
				351B710B2BA0FA2000CB02E6 /* FirebaseDatabaseSwift */,
				351B710D2BA0FA2000CB02E6 /* FirebaseDynamicLinks */,
				351B710F2BA0FA2000CB02E6 /* FirebaseFirestore */,
				351B71112BA0FA2000CB02E6 /* FirebaseFirestoreCombine-Community */,
				351B71132BA0FA2000CB02E6 /* FirebaseFirestoreSwift */,
				351B71152BA0FA2000CB02E6 /* FirebaseFunctions */,
				351B71172BA0FA2000CB02E6 /* FirebaseFunctionsCombine-Community */,
				351B71192BA0FA2000CB02E6 /* FirebaseInAppMessaging-Beta */,
				351B711B2BA0FA2000CB02E6 /* FirebaseInAppMessagingSwift-Beta */,
				351B711D2BA0FA2000CB02E6 /* FirebaseInstallations */,
				351B711F2BA0FA2000CB02E6 /* FirebaseMLModelDownloader */,
				351B71212BA0FA2000CB02E6 /* FirebaseMessaging */,
				351B71232BA0FA2000CB02E6 /* FirebasePerformance */,
				351B71252BA0FA2000CB02E6 /* FirebaseRemoteConfig */,
				351B71272BA0FA2000CB02E6 /* FirebaseRemoteConfigSwift */,
				351B71292BA0FA2000CB02E6 /* FirebaseStorage */,
				351B712B2BA0FA2000CB02E6 /* FirebaseStorageCombine-Community */,
			);
			productName = Alternative;
			productReference = 351B70E52BA0F9E700CB02E6 /* Alternative.app */;
			productType = "com.apple.product-type.application";
		};
/* End PBXNativeTarget section */

/* Begin PBXProject section */
		351B70DD2BA0F9E700CB02E6 /* Project object */ = {
			isa = PBXProject;
			attributes = {
				BuildIndependentTargetsInParallel = 1;
				LastSwiftUpdateCheck = 1530;
				LastUpgradeCheck = 1530;
				TargetAttributes = {
					351B70E42BA0F9E700CB02E6 = {
						CreatedOnToolsVersion = 15.3;
					};
				};
			};
			buildConfigurationList = 351B70E02BA0F9E700CB02E6 /* Build configuration list for PBXProject "Alternative" */;
			compatibilityVersion = "Xcode 14.0";
			developmentRegion = en;
			hasScannedForEncodings = 0;
			knownRegions = (
				en,
				Base,
			);
			mainGroup = 351B70DC2BA0F9E700CB02E6;
			packageReferences = (
				351B70F62BA0FA2000CB02E6 /* XCRemoteSwiftPackageReference "firebase-ios-sdk" */,
			);
			productRefGroup = 351B70E62BA0F9E700CB02E6 /* Products */;
			projectDirPath = "";
			projectRoot = "";
			targets = (
				351B70E42BA0F9E700CB02E6 /* Alternative */,
			);
		};
/* End PBXProject section */

/* Begin PBXResourcesBuildPhase section */
		351B70E32BA0F9E700CB02E6 /* Resources */ = {
			isa = PBXResourcesBuildPhase;
			buildActionMask = 2147483647;
			files = (
				351B70F02BA0F9E900CB02E6 /* Preview Assets.xcassets in Resources */,
				351B70ED2BA0F9E900CB02E6 /* Assets.xcassets in Resources */,
				351B712E2BA0FA3400CB02E6 /* GoogleService-Info.plist in Resources */,
			);
			runOnlyForDeploymentPostprocessing = 0;
		};
/* End PBXResourcesBuildPhase section */

/* Begin PBXSourcesBuildPhase section */
		351B70E12BA0F9E700CB02E6 /* Sources */ = {
			isa = PBXSourcesBuildPhase;
			buildActionMask = 2147483647;
			files = (
				35CEF9732BA16BBA00F7BD1F /* LoginView.swift in Sources */,
				35A216F32BA25B2300F734FC /* Job.swift in Sources */,
				35A216E62BA236D600F734FC /* FirebaseManager.swift in Sources */,
				35A216DC2BA1D21E00F734FC /* Altushka.swift in Sources */,
				35DFED522BA3620F00FD481B /* AnswerOption.swift in Sources */,
				35A216E22BA2362700F734FC /* User.swift in Sources */,
				35DFED502BA3617E00FD481B /* Question.swift in Sources */,
				35A216EA2BA2375500F734FC /* ProfileView.swift in Sources */,
				35DFED4E2BA3614000FD481B /* SurveyView.swift in Sources */,
				35CEF9752BA16BE100F7BD1F /* HomeView.swift in Sources */,
				35A216E42BA236B100F734FC /* AuthManager.swift in Sources */,
				351B70EB2BA0F9E700CB02E6 /* ContentView.swift in Sources */,
				35DFED4C2BA2C3B100FD481B /* MyTabItem.swift in Sources */,
				35A216F52BA25B5700F734FC /* Order.swift in Sources */,
				351B70E92BA0F9E700CB02E6 /* AlternativeApp.swift in Sources */,
			);
			runOnlyForDeploymentPostprocessing = 0;
		};
/* End PBXSourcesBuildPhase section */

/* Begin XCBuildConfiguration section */
		351B70F12BA0F9E900CB02E6 /* Debug */ = {
			isa = XCBuildConfiguration;
			buildSettings = {
				ALWAYS_SEARCH_USER_PATHS = NO;
				ASSETCATALOG_COMPILER_GENERATE_SWIFT_ASSET_SYMBOL_EXTENSIONS = YES;
				CLANG_ANALYZER_NONNULL = YES;
				CLANG_ANALYZER_NUMBER_OBJECT_CONVERSION = YES_AGGRESSIVE;
				CLANG_CXX_LANGUAGE_STANDARD = "gnu++20";
				CLANG_ENABLE_MODULES = YES;
				CLANG_ENABLE_OBJC_ARC = YES;
				CLANG_ENABLE_OBJC_WEAK = YES;
				CLANG_WARN_BLOCK_CAPTURE_AUTORELEASING = YES;
				CLANG_WARN_BOOL_CONVERSION = YES;
				CLANG_WARN_COMMA = YES;
				CLANG_WARN_CONSTANT_CONVERSION = YES;
				CLANG_WARN_DEPRECATED_OBJC_IMPLEMENTATIONS = YES;
				CLANG_WARN_DIRECT_OBJC_ISA_USAGE = YES_ERROR;
				CLANG_WARN_DOCUMENTATION_COMMENTS = YES;
				CLANG_WARN_EMPTY_BODY = YES;
				CLANG_WARN_ENUM_CONVERSION = YES;
				CLANG_WARN_INFINITE_RECURSION = YES;
				CLANG_WARN_INT_CONVERSION = YES;
				CLANG_WARN_NON_LITERAL_NULL_CONVERSION = YES;
				CLANG_WARN_OBJC_IMPLICIT_RETAIN_SELF = YES;
				CLANG_WARN_OBJC_LITERAL_CONVERSION = YES;
				CLANG_WARN_OBJC_ROOT_CLASS = YES_ERROR;
				CLANG_WARN_QUOTED_INCLUDE_IN_FRAMEWORK_HEADER = YES;
				CLANG_WARN_RANGE_LOOP_ANALYSIS = YES;
				CLANG_WARN_STRICT_PROTOTYPES = YES;
				CLANG_WARN_SUSPICIOUS_MOVE = YES;
				CLANG_WARN_UNGUARDED_AVAILABILITY = YES_AGGRESSIVE;
				CLANG_WARN_UNREACHABLE_CODE = YES;
				CLANG_WARN__DUPLICATE_METHOD_MATCH = YES;
				COPY_PHASE_STRIP = NO;
				DEBUG_INFORMATION_FORMAT = dwarf;
				ENABLE_STRICT_OBJC_MSGSEND = YES;
				ENABLE_TESTABILITY = YES;
				ENABLE_USER_SCRIPT_SANDBOXING = YES;
				GCC_C_LANGUAGE_STANDARD = gnu17;
				GCC_DYNAMIC_NO_PIC = NO;
				GCC_NO_COMMON_BLOCKS = YES;
				GCC_OPTIMIZATION_LEVEL = 0;
				GCC_PREPROCESSOR_DEFINITIONS = (
					"DEBUG=1",
					"$(inherited)",
				);
				GCC_WARN_64_TO_32_BIT_CONVERSION = YES;
				GCC_WARN_ABOUT_RETURN_TYPE = YES_ERROR;
				GCC_WARN_UNDECLARED_SELECTOR = YES;
				GCC_WARN_UNINITIALIZED_AUTOS = YES_AGGRESSIVE;
				GCC_WARN_UNUSED_FUNCTION = YES;
				GCC_WARN_UNUSED_VARIABLE = YES;
				IPHONEOS_DEPLOYMENT_TARGET = 17.4;
				LOCALIZATION_PREFERS_STRING_CATALOGS = YES;
				MTL_ENABLE_DEBUG_INFO = INCLUDE_SOURCE;
				MTL_FAST_MATH = YES;
				ONLY_ACTIVE_ARCH = YES;
				SDKROOT = iphoneos;
				SWIFT_ACTIVE_COMPILATION_CONDITIONS = "DEBUG $(inherited)";
				SWIFT_OPTIMIZATION_LEVEL = "-Onone";
			};
			name = Debug;
		};
		351B70F22BA0F9E900CB02E6 /* Release */ = {
			isa = XCBuildConfiguration;
			buildSettings = {
				ALWAYS_SEARCH_USER_PATHS = NO;
				ASSETCATALOG_COMPILER_GENERATE_SWIFT_ASSET_SYMBOL_EXTENSIONS = YES;
				CLANG_ANALYZER_NONNULL = YES;
				CLANG_ANALYZER_NUMBER_OBJECT_CONVERSION = YES_AGGRESSIVE;
				CLANG_CXX_LANGUAGE_STANDARD = "gnu++20";
				CLANG_ENABLE_MODULES = YES;
				CLANG_ENABLE_OBJC_ARC = YES;
				CLANG_ENABLE_OBJC_WEAK = YES;
				CLANG_WARN_BLOCK_CAPTURE_AUTORELEASING = YES;
				CLANG_WARN_BOOL_CONVERSION = YES;
				CLANG_WARN_COMMA = YES;
				CLANG_WARN_CONSTANT_CONVERSION = YES;
				CLANG_WARN_DEPRECATED_OBJC_IMPLEMENTATIONS = YES;
				CLANG_WARN_DIRECT_OBJC_ISA_USAGE = YES_ERROR;
				CLANG_WARN_DOCUMENTATION_COMMENTS = YES;
				CLANG_WARN_EMPTY_BODY = YES;
				CLANG_WARN_ENUM_CONVERSION = YES;
				CLANG_WARN_INFINITE_RECURSION = YES;
				CLANG_WARN_INT_CONVERSION = YES;
				CLANG_WARN_NON_LITERAL_NULL_CONVERSION = YES;
				CLANG_WARN_OBJC_IMPLICIT_RETAIN_SELF = YES;
				CLANG_WARN_OBJC_LITERAL_CONVERSION = YES;
				CLANG_WARN_OBJC_ROOT_CLASS = YES_ERROR;
				CLANG_WARN_QUOTED_INCLUDE_IN_FRAMEWORK_HEADER = YES;
				CLANG_WARN_RANGE_LOOP_ANALYSIS = YES;
				CLANG_WARN_STRICT_PROTOTYPES = YES;
				CLANG_WARN_SUSPICIOUS_MOVE = YES;
				CLANG_WARN_UNGUARDED_AVAILABILITY = YES_AGGRESSIVE;
				CLANG_WARN_UNREACHABLE_CODE = YES;
				CLANG_WARN__DUPLICATE_METHOD_MATCH = YES;
				COPY_PHASE_STRIP = NO;
				DEBUG_INFORMATION_FORMAT = "dwarf-with-dsym";
				ENABLE_NS_ASSERTIONS = NO;
				ENABLE_STRICT_OBJC_MSGSEND = YES;
				ENABLE_USER_SCRIPT_SANDBOXING = YES;
				GCC_C_LANGUAGE_STANDARD = gnu17;
				GCC_NO_COMMON_BLOCKS = YES;
				GCC_WARN_64_TO_32_BIT_CONVERSION = YES;
				GCC_WARN_ABOUT_RETURN_TYPE = YES_ERROR;
				GCC_WARN_UNDECLARED_SELECTOR = YES;
				GCC_WARN_UNINITIALIZED_AUTOS = YES_AGGRESSIVE;
				GCC_WARN_UNUSED_FUNCTION = YES;
				GCC_WARN_UNUSED_VARIABLE = YES;
				IPHONEOS_DEPLOYMENT_TARGET = 17.4;
				LOCALIZATION_PREFERS_STRING_CATALOGS = YES;
				MTL_ENABLE_DEBUG_INFO = NO;
				MTL_FAST_MATH = YES;
				SDKROOT = iphoneos;
				SWIFT_COMPILATION_MODE = wholemodule;
				VALIDATE_PRODUCT = YES;
			};
			name = Release;
		};
		351B70F42BA0F9E900CB02E6 /* Debug */ = {
			isa = XCBuildConfiguration;
			buildSettings = {
				ASSETCATALOG_COMPILER_APPICON_NAME = AppIcon;
				ASSETCATALOG_COMPILER_GLOBAL_ACCENT_COLOR_NAME = AccentColor;
				CODE_SIGN_STYLE = Automatic;
				CURRENT_PROJECT_VERSION = 1;
				DEVELOPMENT_ASSET_PATHS = "\"Alternative/Preview Content\"";
				DEVELOPMENT_TEAM = Y9GLK74H4U;
				ENABLE_PREVIEWS = YES;
				GENERATE_INFOPLIST_FILE = YES;
				INFOPLIST_KEY_UIApplicationSceneManifest_Generation = YES;
				INFOPLIST_KEY_UIApplicationSupportsIndirectInputEvents = YES;
				INFOPLIST_KEY_UILaunchScreen_Generation = YES;
				INFOPLIST_KEY_UISupportedInterfaceOrientations_iPad = "UIInterfaceOrientationPortrait UIInterfaceOrientationPortraitUpsideDown UIInterfaceOrientationLandscapeLeft UIInterfaceOrientationLandscapeRight";
				INFOPLIST_KEY_UISupportedInterfaceOrientations_iPhone = "UIInterfaceOrientationPortrait UIInterfaceOrientationLandscapeLeft UIInterfaceOrientationLandscapeRight";
				LD_RUNPATH_SEARCH_PATHS = (
					"$(inherited)",
					"@executable_path/Frameworks",
				);
				MARKETING_VERSION = 1.0;
				PRODUCT_BUNDLE_IDENTIFIER = audiofaun896373.Alternative;
				PRODUCT_NAME = "$(TARGET_NAME)";
				SWIFT_EMIT_LOC_STRINGS = YES;
				SWIFT_VERSION = 5.0;
				TARGETED_DEVICE_FAMILY = "1,2";
			};
			name = Debug;
		};
		351B70F52BA0F9E900CB02E6 /* Release */ = {
			isa = XCBuildConfiguration;
			buildSettings = {
				ASSETCATALOG_COMPILER_APPICON_NAME = AppIcon;
				ASSETCATALOG_COMPILER_GLOBAL_ACCENT_COLOR_NAME = AccentColor;
				CODE_SIGN_STYLE = Automatic;
				CURRENT_PROJECT_VERSION = 1;
				DEVELOPMENT_ASSET_PATHS = "\"Alternative/Preview Content\"";
				DEVELOPMENT_TEAM = Y9GLK74H4U;
				ENABLE_PREVIEWS = YES;
				GENERATE_INFOPLIST_FILE = YES;
				INFOPLIST_KEY_UIApplicationSceneManifest_Generation = YES;
				INFOPLIST_KEY_UIApplicationSupportsIndirectInputEvents = YES;
				INFOPLIST_KEY_UILaunchScreen_Generation = YES;
				INFOPLIST_KEY_UISupportedInterfaceOrientations_iPad = "UIInterfaceOrientationPortrait UIInterfaceOrientationPortraitUpsideDown UIInterfaceOrientationLandscapeLeft UIInterfaceOrientationLandscapeRight";
				INFOPLIST_KEY_UISupportedInterfaceOrientations_iPhone = "UIInterfaceOrientationPortrait UIInterfaceOrientationLandscapeLeft UIInterfaceOrientationLandscapeRight";
				LD_RUNPATH_SEARCH_PATHS = (
					"$(inherited)",
					"@executable_path/Frameworks",
				);
				MARKETING_VERSION = 1.0;
				PRODUCT_BUNDLE_IDENTIFIER = audiofaun896373.Alternative;
				PRODUCT_NAME = "$(TARGET_NAME)";
				SWIFT_EMIT_LOC_STRINGS = YES;
				SWIFT_VERSION = 5.0;
				TARGETED_DEVICE_FAMILY = "1,2";
			};
			name = Release;
		};
/* End XCBuildConfiguration section */

/* Begin XCConfigurationList section */
		351B70E02BA0F9E700CB02E6 /* Build configuration list for PBXProject "Alternative" */ = {
			isa = XCConfigurationList;
			buildConfigurations = (
				351B70F12BA0F9E900CB02E6 /* Debug */,
				351B70F22BA0F9E900CB02E6 /* Release */,
			);
			defaultConfigurationIsVisible = 0;
			defaultConfigurationName = Release;
		};
		351B70F32BA0F9E900CB02E6 /* Build configuration list for PBXNativeTarget "Alternative" */ = {
			isa = XCConfigurationList;
			buildConfigurations = (
				351B70F42BA0F9E900CB02E6 /* Debug */,
				351B70F52BA0F9E900CB02E6 /* Release */,
			);
			defaultConfigurationIsVisible = 0;
			defaultConfigurationName = Release;
		};
/* End XCConfigurationList section */

/* Begin XCRemoteSwiftPackageReference section */
		351B70F62BA0FA2000CB02E6 /* XCRemoteSwiftPackageReference "firebase-ios-sdk" */ = {
			isa = XCRemoteSwiftPackageReference;
			repositoryURL = "https://github.com/firebase/firebase-ios-sdk.git";
			requirement = {
				kind = upToNextMajorVersion;
				minimumVersion = 10.22.1;
			};
		};
/* End XCRemoteSwiftPackageReference section */

/* Begin XCSwiftPackageProductDependency section */
		351B70F72BA0FA2000CB02E6 /* FirebaseAnalytics */ = {
			isa = XCSwiftPackageProductDependency;
			package = 351B70F62BA0FA2000CB02E6 /* XCRemoteSwiftPackageReference "firebase-ios-sdk" */;
			productName = FirebaseAnalytics;
		};
		351B70F92BA0FA2000CB02E6 /* FirebaseAnalyticsOnDeviceConversion */ = {
			isa = XCSwiftPackageProductDependency;
			package = 351B70F62BA0FA2000CB02E6 /* XCRemoteSwiftPackageReference "firebase-ios-sdk" */;
			productName = FirebaseAnalyticsOnDeviceConversion;
		};
		351B70FB2BA0FA2000CB02E6 /* FirebaseAnalyticsSwift */ = {
			isa = XCSwiftPackageProductDependency;
			package = 351B70F62BA0FA2000CB02E6 /* XCRemoteSwiftPackageReference "firebase-ios-sdk" */;
			productName = FirebaseAnalyticsSwift;
		};
		351B70FD2BA0FA2000CB02E6 /* FirebaseAnalyticsWithoutAdIdSupport */ = {
			isa = XCSwiftPackageProductDependency;
			package = 351B70F62BA0FA2000CB02E6 /* XCRemoteSwiftPackageReference "firebase-ios-sdk" */;
			productName = FirebaseAnalyticsWithoutAdIdSupport;
		};
		351B70FF2BA0FA2000CB02E6 /* FirebaseAppCheck */ = {
			isa = XCSwiftPackageProductDependency;
			package = 351B70F62BA0FA2000CB02E6 /* XCRemoteSwiftPackageReference "firebase-ios-sdk" */;
			productName = FirebaseAppCheck;
		};
		351B71012BA0FA2000CB02E6 /* FirebaseAppDistribution-Beta */ = {
			isa = XCSwiftPackageProductDependency;
			package = 351B70F62BA0FA2000CB02E6 /* XCRemoteSwiftPackageReference "firebase-ios-sdk" */;
			productName = "FirebaseAppDistribution-Beta";
		};
		351B71032BA0FA2000CB02E6 /* FirebaseAuth */ = {
			isa = XCSwiftPackageProductDependency;
			package = 351B70F62BA0FA2000CB02E6 /* XCRemoteSwiftPackageReference "firebase-ios-sdk" */;
			productName = FirebaseAuth;
		};
		351B71052BA0FA2000CB02E6 /* FirebaseAuthCombine-Community */ = {
			isa = XCSwiftPackageProductDependency;
			package = 351B70F62BA0FA2000CB02E6 /* XCRemoteSwiftPackageReference "firebase-ios-sdk" */;
			productName = "FirebaseAuthCombine-Community";
		};
		351B71072BA0FA2000CB02E6 /* FirebaseCrashlytics */ = {
			isa = XCSwiftPackageProductDependency;
			package = 351B70F62BA0FA2000CB02E6 /* XCRemoteSwiftPackageReference "firebase-ios-sdk" */;
			productName = FirebaseCrashlytics;
		};
		351B71092BA0FA2000CB02E6 /* FirebaseDatabase */ = {
			isa = XCSwiftPackageProductDependency;
			package = 351B70F62BA0FA2000CB02E6 /* XCRemoteSwiftPackageReference "firebase-ios-sdk" */;
			productName = FirebaseDatabase;
		};
		351B710B2BA0FA2000CB02E6 /* FirebaseDatabaseSwift */ = {
			isa = XCSwiftPackageProductDependency;
			package = 351B70F62BA0FA2000CB02E6 /* XCRemoteSwiftPackageReference "firebase-ios-sdk" */;
			productName = FirebaseDatabaseSwift;
		};
		351B710D2BA0FA2000CB02E6 /* FirebaseDynamicLinks */ = {
			isa = XCSwiftPackageProductDependency;
			package = 351B70F62BA0FA2000CB02E6 /* XCRemoteSwiftPackageReference "firebase-ios-sdk" */;
			productName = FirebaseDynamicLinks;
		};
		351B710F2BA0FA2000CB02E6 /* FirebaseFirestore */ = {
			isa = XCSwiftPackageProductDependency;
			package = 351B70F62BA0FA2000CB02E6 /* XCRemoteSwiftPackageReference "firebase-ios-sdk" */;
			productName = FirebaseFirestore;
		};
		351B71112BA0FA2000CB02E6 /* FirebaseFirestoreCombine-Community */ = {
			isa = XCSwiftPackageProductDependency;
			package = 351B70F62BA0FA2000CB02E6 /* XCRemoteSwiftPackageReference "firebase-ios-sdk" */;
			productName = "FirebaseFirestoreCombine-Community";
		};
		351B71132BA0FA2000CB02E6 /* FirebaseFirestoreSwift */ = {
			isa = XCSwiftPackageProductDependency;
			package = 351B70F62BA0FA2000CB02E6 /* XCRemoteSwiftPackageReference "firebase-ios-sdk" */;
			productName = FirebaseFirestoreSwift;
		};
		351B71152BA0FA2000CB02E6 /* FirebaseFunctions */ = {
			isa = XCSwiftPackageProductDependency;
			package = 351B70F62BA0FA2000CB02E6 /* XCRemoteSwiftPackageReference "firebase-ios-sdk" */;
			productName = FirebaseFunctions;
		};
		351B71172BA0FA2000CB02E6 /* FirebaseFunctionsCombine-Community */ = {
			isa = XCSwiftPackageProductDependency;
			package = 351B70F62BA0FA2000CB02E6 /* XCRemoteSwiftPackageReference "firebase-ios-sdk" */;
			productName = "FirebaseFunctionsCombine-Community";
		};
		351B71192BA0FA2000CB02E6 /* FirebaseInAppMessaging-Beta */ = {
			isa = XCSwiftPackageProductDependency;
			package = 351B70F62BA0FA2000CB02E6 /* XCRemoteSwiftPackageReference "firebase-ios-sdk" */;
			productName = "FirebaseInAppMessaging-Beta";
		};
		351B711B2BA0FA2000CB02E6 /* FirebaseInAppMessagingSwift-Beta */ = {
			isa = XCSwiftPackageProductDependency;
			package = 351B70F62BA0FA2000CB02E6 /* XCRemoteSwiftPackageReference "firebase-ios-sdk" */;
			productName = "FirebaseInAppMessagingSwift-Beta";
		};
		351B711D2BA0FA2000CB02E6 /* FirebaseInstallations */ = {
			isa = XCSwiftPackageProductDependency;
			package = 351B70F62BA0FA2000CB02E6 /* XCRemoteSwiftPackageReference "firebase-ios-sdk" */;
			productName = FirebaseInstallations;
		};
		351B711F2BA0FA2000CB02E6 /* FirebaseMLModelDownloader */ = {
			isa = XCSwiftPackageProductDependency;
			package = 351B70F62BA0FA2000CB02E6 /* XCRemoteSwiftPackageReference "firebase-ios-sdk" */;
			productName = FirebaseMLModelDownloader;
		};
		351B71212BA0FA2000CB02E6 /* FirebaseMessaging */ = {
			isa = XCSwiftPackageProductDependency;
			package = 351B70F62BA0FA2000CB02E6 /* XCRemoteSwiftPackageReference "firebase-ios-sdk" */;
			productName = FirebaseMessaging;
		};
		351B71232BA0FA2000CB02E6 /* FirebasePerformance */ = {
			isa = XCSwiftPackageProductDependency;
			package = 351B70F62BA0FA2000CB02E6 /* XCRemoteSwiftPackageReference "firebase-ios-sdk" */;
			productName = FirebasePerformance;
		};
		351B71252BA0FA2000CB02E6 /* FirebaseRemoteConfig */ = {
			isa = XCSwiftPackageProductDependency;
			package = 351B70F62BA0FA2000CB02E6 /* XCRemoteSwiftPackageReference "firebase-ios-sdk" */;
			productName = FirebaseRemoteConfig;
		};
		351B71272BA0FA2000CB02E6 /* FirebaseRemoteConfigSwift */ = {
			isa = XCSwiftPackageProductDependency;
			package = 351B70F62BA0FA2000CB02E6 /* XCRemoteSwiftPackageReference "firebase-ios-sdk" */;
			productName = FirebaseRemoteConfigSwift;
		};
		351B71292BA0FA2000CB02E6 /* FirebaseStorage */ = {
			isa = XCSwiftPackageProductDependency;
			package = 351B70F62BA0FA2000CB02E6 /* XCRemoteSwiftPackageReference "firebase-ios-sdk" */;
			productName = FirebaseStorage;
		};
		351B712B2BA0FA2000CB02E6 /* FirebaseStorageCombine-Community */ = {
			isa = XCSwiftPackageProductDependency;
			package = 351B70F62BA0FA2000CB02E6 /* XCRemoteSwiftPackageReference "firebase-ios-sdk" */;
			productName = "FirebaseStorageCombine-Community";
		};
/* End XCSwiftPackageProductDependency section */
	};
	rootObject = 351B70DD2BA0F9E700CB02E6 /* Project object */;
}
